
Microsoft Visual Studio Solution File, Format Version 12.00
# Visual Studio 2013
VisualStudioVersion = 12.0.31101.0
MinimumVisualStudioVersion = 10.0.40219.1
Project("{8BC9CEB8-8B4A-11D0-8D11-00A0C91BC942}") = "Planner", "Planner\Planner.vcxproj", "{A32F2369-8219-4768-A4E4-77FC62794CA3}"
EndProject
Project("{8BC9CEB8-8B4A-11D0-8D11-00A0C91BC942}") = "GoogleTest", "GoogleTest\GoogleTest.vcxproj", "{BFC9943A-6932-4559-9D5B-D8D5182DDC00}"
EndProject
Project("{8BC9CEB8-8B4A-11D0-8D11-00A0C91BC942}") = "PlannerTests", "PlannerTests\PlannerTests.vcxproj", "{6BF68527-8682-46A2-A306-0B6C073E49C8}"
EndProject
Global
	GlobalSection(SolutionConfigurationPlatforms) = preSolution
		Debug|Win32 = Debug|Win32
		Release|Win32 = Release|Win32
	EndGlobalSection
	GlobalSection(ProjectConfigurationPlatforms) = postSolution
		{A32F2369-8219-4768-A4E4-77FC62794CA3}.Debug|Win32.ActiveCfg = Debug|Win32
		{A32F2369-8219-4768-A4E4-77FC62794CA3}.Debug|Win32.Build.0 = Debug|Win32
		{A32F2369-8219-4768-A4E4-77FC62794CA3}.Release|Win32.ActiveCfg = Release|Win32
		{A32F2369-8219-4768-A4E4-77FC62794CA3}.Release|Win32.Build.0 = Release|Win32
		{BFC9943A-6932-4559-9D5B-D8D5182DDC00}.Debug|Win32.ActiveCfg = Debug|Win32
		{BFC9943A-6932-4559-9D5B-D8D5182DDC00}.Debug|Win32.Build.0 = Debug|Win32
		{BFC9943A-6932-4559-9D5B-D8D5182DDC00}.Release|Win32.ActiveCfg = Release|Win32
		{BFC9943A-6932-4559-9D5B-D8D5182DDC00}.Release|Win32.Build.0 = Release|Win32
		{6BF68527-8682-46A2-A306-0B6C073E49C8}.Debug|Win32.ActiveCfg = Debug|Win32
		{6BF68527-8682-46A2-A306-0B6C073E49C8}.Debug|Win32.Build.0 = Debug|Win32
		{6BF68527-8682-46A2-A306-0B6C073E49C8}.Release|Win32.ActiveCfg = Release|Win32
		{6BF68527-8682-46A2-A306-0B6C073E49C8}.Release|Win32.Build.0 = Release|Win32
	EndGlobalSection
	GlobalSection(SolutionProperties) = preSolution
		HideSolutionNode = FALSE
	EndGlobalSection
EndGlobal
