
Microsoft Visual Studio Solution File, Format Version 12.00
# Visual Studio 14
VisualStudioVersion = 14.0.23107.0
MinimumVisualStudioVersion = 10.0.40219.1
Project("{FAE04EC0-301F-11D3-BF4B-00C04F79EFBC}") = "GOAP", "GOAP.csproj", "{534C96D5-3DF8-414A-AB5D-CA99C09B441B}"
EndProject
Project("{FAE04EC0-301F-11D3-BF4B-00C04F79EFBC}") = "GOAP.Tests.Unit", "..\GOAP.Tests.Unit\GOAP.Tests.Unit.csproj", "{B1E96438-F4C0-4106-87ED-6B341B6564EA}"
	ProjectSection(ProjectDependencies) = postProject
		{534C96D5-3DF8-414A-AB5D-CA99C09B441B} = {534C96D5-3DF8-414A-AB5D-CA99C09B441B}
	EndProjectSection
EndProject
Project("{FAE04EC0-301F-11D3-BF4B-00C04F79EFBC}") = "GOAP.Tests.Integration", "..\GOAP.Tests.Integration\GOAP.Tests.Integration.csproj", "{85579A7B-0E4F-4560-A55E-4807A3AF5787}"
EndProject
Global
	GlobalSection(SolutionConfigurationPlatforms) = preSolution
		Debug|Any CPU = Debug|Any CPU
		Release|Any CPU = Release|Any CPU
	EndGlobalSection
	GlobalSection(ProjectConfigurationPlatforms) = postSolution
		{534C96D5-3DF8-414A-AB5D-CA99C09B441B}.Debug|Any CPU.ActiveCfg = Debug|Any CPU
		{534C96D5-3DF8-414A-AB5D-CA99C09B441B}.Debug|Any CPU.Build.0 = Debug|Any CPU
		{534C96D5-3DF8-414A-AB5D-CA99C09B441B}.Release|Any CPU.ActiveCfg = Release|Any CPU
		{534C96D5-3DF8-414A-AB5D-CA99C09B441B}.Release|Any CPU.Build.0 = Release|Any CPU
		{B1E96438-F4C0-4106-87ED-6B341B6564EA}.Debug|Any CPU.ActiveCfg = Debug|Any CPU
		{B1E96438-F4C0-4106-87ED-6B341B6564EA}.Debug|Any CPU.Build.0 = Debug|Any CPU
		{B1E96438-F4C0-4106-87ED-6B341B6564EA}.Release|Any CPU.ActiveCfg = Release|Any CPU
		{B1E96438-F4C0-4106-87ED-6B341B6564EA}.Release|Any CPU.Build.0 = Release|Any CPU
		{85579A7B-0E4F-4560-A55E-4807A3AF5787}.Debug|Any CPU.ActiveCfg = Debug|Any CPU
		{85579A7B-0E4F-4560-A55E-4807A3AF5787}.Debug|Any CPU.Build.0 = Debug|Any CPU
		{85579A7B-0E4F-4560-A55E-4807A3AF5787}.Release|Any CPU.ActiveCfg = Release|Any CPU
		{85579A7B-0E4F-4560-A55E-4807A3AF5787}.Release|Any CPU.Build.0 = Release|Any CPU
	EndGlobalSection
	GlobalSection(SolutionProperties) = preSolution
		HideSolutionNode = FALSE
	EndGlobalSection
EndGlobal
